{
    "_meta": {
        "hash": {
            "sha256": "c266735bb3efb99da72734e5c3fe2289ef0aea2ac0cae925526c6309794e37ad"
        },
        "pipfile-spec": 6,
        "requires": {
            "python_version": "3.10"
        },
        "sources": [
            {
                "name": "pypi",
                "url": "https://pypi.org/simple",
                "verify_ssl": true
            }
        ]
    },
    "default": {
        "cython": {
            "hashes": [
                "sha256:061e25151c38f2361bc790d3bcf7f9d9828a0b6a4d5afa56fbed3bd33fb2373a",
                "sha256:06be83490c906b6429b4389e13487a26254ccaad2eef6f3d4ee21d8d3a4aaa2b",
                "sha256:07d173d3289415bb496e72cb0ddd609961be08fe2968c39094d5712ffb78672b",
                "sha256:0bbc27abdf6aebfa1bce34cd92bd403070356f28b0ecb3198ff8a182791d58b9",
                "sha256:0ea8267fc373a2c5064ad77d8ff7bf0ea8b88f7407098ff51829381f8ec1d5d9",
                "sha256:3875c2b2ea752816a4d7ae59d45bb546e7c4c79093c83e3ba7f4d9051dd02928",
                "sha256:39afb4679b8c6bf7ccb15b24025568f4f9b4d7f9bf3cbd981021f542acecd75b",
                "sha256:3f85eb2343d20d91a4ea9cf14e5748092b376a64b7e07fc224e85b2753e9070b",
                "sha256:40eff7aa26e91cf108fd740ffd4daf49f39b2fdffadabc7292b4b7dc5df879f0",
                "sha256:479690d2892ca56d34812fe6ab8f58e4b2e0129140f3d94518f15993c40553da",
                "sha256:4a4b03ab483271f69221c3210f7cde0dcc456749ecf8243b95bc7a701e5677e0",
                "sha256:513e9707407608ac0d306c8b09d55a28be23ea4152cbd356ceaec0f32ef08d65",
                "sha256:5514f3b4122cb22317122a48e175a7194e18e1803ca555c4c959d7dfe68eaf98",
                "sha256:5ba622326f2862f9c1f99ca8d47ade49871241920a352c917e16861e25b0e5c3",
                "sha256:63b79d9e1f7c4d1f498ab1322156a0d7dc1b6004bf981a8abda3f66800e140cd",
                "sha256:656dc5ff1d269de4d11ee8542f2ffd15ab466c447c1f10e5b8aba6f561967276",
                "sha256:67fdd2f652f8d4840042e2d2d91e15636ba2bcdcd92e7e5ffbc68e6ef633a754",
                "sha256:79e3bab19cf1b021b613567c22eb18b76c0c547b9bc3903881a07bfd9e7e64cf",
                "sha256:856d2fec682b3f31583719cb6925c6cdbb9aa30f03122bcc45c65c8b6f515754",
                "sha256:8669cadeb26d9a58a5e6b8ce34d2c8986cc3b5c0bfa77eda6ceb471596cb2ec3",
                "sha256:8733cf4758b79304f2a4e39ebfac5e92341bce47bcceb26c1254398b2f8c1af7",
                "sha256:97335b2cd4acebf30d14e2855d882de83ad838491a09be2011745579ac975833",
                "sha256:afbce249133a830f121b917f8c9404a44f2950e0e4f5d1e68f043da4c2e9f457",
                "sha256:b0595aee62809ba353cebc5c7978e0e443760c3e882e2c7672c73ffe46383673",
                "sha256:b6da3063c5c476f5311fd76854abae6c315f1513ef7d7904deed2e774623bbb9",
                "sha256:c8e8025f496b5acb6ba95da2fb3e9dacffc97d9a92711aacfdd42f9c5927e094",
                "sha256:cddc47ec746a08603037731f5d10aebf770ced08666100bd2cdcaf06a85d4d1b",
                "sha256:cdf10af3e2e3279dc09fdc5f95deaa624850a53913f30350ceee824dc14fc1a6",
                "sha256:d968ffc403d92addf20b68924d95428d523436adfd25cf505d427ed7ba3bee8b",
                "sha256:dbee03b8d42dca924e6aa057b836a064c769ddfd2a4c2919e65da2c8a362d528",
                "sha256:e1958e0227a4a6a2c06fd6e35b7469de50adf174102454db397cec6e1403cce3",
                "sha256:e6ffa08aa1c111a1ebcbd1cf4afaaec120bc0bbdec3f2545f8bb7d3e8e77a1cd",
                "sha256:e83228e0994497900af954adcac27f64c9a57cd70a9ec768ab0cb2c01fd15cf1",
                "sha256:ea1dcc07bfb37367b639415333cfbfe4a93c3be340edf1db10964bc27d42ed64",
                "sha256:eca3065a1279456e81c615211d025ea11bfe4e19f0c5650b859868ca04b3fcbd",
                "sha256:ed087eeb88a8cf96c60fb76c5c3b5fb87188adee5e179f89ec9ad9a43c0c54b3",
                "sha256:eeb475eb6f0ccf6c039035eb4f0f928eb53ead88777e0a760eccb140ad90930b",
                "sha256:eefd2b9a5f38ded8d859fe96cc28d7d06e098dc3f677e7adbafda4dcdd4a461c",
                "sha256:f3fd44cc362eee8ae569025f070d56208908916794b6ab21e139cea56470a2b3",
                "sha256:f9944013588a3543fca795fffb0a070a31a243aa4f2d212f118aa95e69485831"
            ],
            "index": "pypi",
            "version": "==0.29.32"
        },
        "pygame": {
            "hashes": [
                "sha256:0427c103f741234336e5606d2fad86f5403c1a3d1dc55c309fbff3c984f0c9ae",
                "sha256:07ca9f683075aea9bd977af9f09a720ebf747343d3ea8103e4f1735283b02330",
                "sha256:0e06ae8e1c830f1b9c36a2bc6bb11de840232e95b78e2c349c6ed803a303be19",
                "sha256:0e97d38308c441942577fea7fcd1326308bc56d6be6c024218e94d075d322e0f",
                "sha256:119dee20c372c85dc47b717119534d15a60c64ceab8b0eb09278866d10486afe",
                "sha256:1219a963941bd53aa754e8449364c142004fe706c33a9c22ff2a76521a82d078",
                "sha256:1fddec8829e96424800c806582d73a5173b7d48946cccf7d035839ca09850db8",
                "sha256:20676da24e3e3e6b9fc4eecc7ba09d77ef46c3a83a028763ba1d222476c2e3fb",
                "sha256:2405414d8c572668e04739875661e030a0c588e197fa95463fe301c3d0a0510b",
                "sha256:24254c4244f0d9bdc904f5d3f38e86757ca4c6aa0e44a6d55ef5e016bc7274d6",
                "sha256:24b4f7f30fa2b3d092b60be6fcc725fb91d569fc87a9bcc91614ee8b0c005726",
                "sha256:3bb0674aa789848ddc264bfc60c54965bf3bb659c141de4f600e379acc9b944c",
                "sha256:3c8d6637ff75351e581327efefa9d04eeb0f257b533392b6cc6b15ceca4f7c5e",
                "sha256:40e4d8d65985bb467d9c5a1305fb53fd6820c61d764979600becab973339676f",
                "sha256:4aa3ae32320cc704d63e185864e44f6265c2a6e52c9384afe152cc3d51b3a2ef",
                "sha256:50d9a21edd551669862c27c9272747401b20b1939abaacb842c08ea1cdd1c04d",
                "sha256:5c7600bf307de1ca1dca0cc7840e34604d5b0b0a5a5dad345c3fa62b054b886d",
                "sha256:5d0c14152d0ca8ef5fbcc5ed9981462bdf59a9ae85a291e62d8a8d0b7e5cbe43",
                "sha256:5e88b0d4338b94960686f59396f23f7f684fed4859fcc3b9f40286d72c1c61af",
                "sha256:5ebbefb8b576572c8fc97a3321d37dc2b4afea6b6e3877a67f7158d8c2c4cefe",
                "sha256:636f51f56615d67459b11918206bb4da30cd7d7042027bf997c218ccd6c77902",
                "sha256:660c80c0b2e80f1f801715583b759fb4c7bc0c11eb3b534e89c9fc4bfbc38acd",
                "sha256:6ecda8dd4583982bb65f9c682f244a5e94524dcf628379766227e9ed97201a49",
                "sha256:754c2906f2ef47173a14493e1de116b2a56a2c8e1764f1202ba844d080248a5b",
                "sha256:7889dce887ec83c9a0bef8d9eb3669d8863fdaf37c45bacec707d8ad90b24a38",
                "sha256:7fdb93b4282962c9a2ebf1af994ee698be823dd913218ed97a5f2fb372b10b66",
                "sha256:8e87716114e97322fb177e223d889a4be369a0f73212f4f8507fe0cd43253b23",
                "sha256:93c4cbfc942dd00410eaa9e84252129f9f9993f37f683006d7b49ab245342254",
                "sha256:9649419254d3282dae41f23837de4108b17bc62187c3acd8af2ae3801b765cbd",
                "sha256:97a74ba186deee68318a52637012ef6abf5be6282c659e1d1ba6ad08cf35ec85",
                "sha256:9d6452419e01a0f848aed0597f69fd10a4c2a7750c15d1b0607f86090a39dcf3",
                "sha256:9d7b021b8dde5d528363e474bc18bd6f79a9666eef89fb4859bcb8f0a536c9de",
                "sha256:a0ccf8e3dce7ca67d523a6020b7e3dbf4b26797a9a8db5cc4c7b5ef20fb64701",
                "sha256:a56a811d8821f7b9a594e3d0e0dd8bd39b25e3eea8963d5963263b90fd2ea5c2",
                "sha256:c5ea87da5fe4b6164c3854f3b0c9146811dbad0dd7fa74297683dfacc485ae1c",
                "sha256:c99b95e62cdda29c2e60235d7763447c168a6a877403e6f9ca5b2e2bb297c2ce",
                "sha256:c9ce7f3d8af14d7e04eb7eb41c5e5313c43508c252bb2b9eb53e51fc87ada9fd",
                "sha256:ca5ef1315fa67c241a657ab077be44f230c05740c95f0b46409457dceefdc7e5",
                "sha256:d2d3c50ee9847b743db6cd7b1bb17a94c2c2abc16679d70f5e745cabdf19e655",
                "sha256:d6d0eca28f886f0477cd0721ac688189155a587f2bb8eae740e52ca56c3ad23c",
                "sha256:dad6bf3fdd3752d7519422f3732be779b98fe7c87d32c3efe2fdffdcbeebb6ca",
                "sha256:db2f40d5a75fd9cdda473c58b0d8b294da6e0179f00bb3b1fc2f7f29cac09bea",
                "sha256:dc4444d61d48c5546df5137cdf81554887ddb6e2ef1be7f51eb77ea3b6bdd56f",
                "sha256:dcc285ee1f1d0e2672cc52f880fd3f564b1505de710e817f692fbf64a72ca657",
                "sha256:dd528dbb91eca16f7522c975d0f9e94b95f6b5024c82c3247dc0383d242d33c6",
                "sha256:e09044e9e1aa8512d6a9c7ce5f94b881824bcfc401105f3c24f546dfc3bb4aa5",
                "sha256:e18c9466131378421d00fc40b637425229238d506a073d9c537b230b355a25d6",
                "sha256:e1bb25986db77a48f632469c6bc61baf7508ce945aa6161c02180d4ee5ac5b8d",
                "sha256:e4b4cd440d50a9f8551b8989e856aab175593af07eb825cad22fd2f8f6f2ffce",
                "sha256:e627300a66a90651fb39e41601d447b1fdbbfffca3f08ef0278d6cc0436b2160",
                "sha256:e7a8e18677e0064b7a422f6653a622652d932826a27e50f279d55a8b122a1a83",
                "sha256:e8632f6b2ddb90f6f3950744bd65d5ef15af615e3034057fa30ff836f48a7179",
                "sha256:ea36f4f93524554a35cac2359df63b50af6556ed866830aa1f07f0d8580280ea",
                "sha256:f149e182d0eeef15d8a9b4c9dad1b87dc6eba3a99bd3c44a777a3a2b053a3dca",
                "sha256:fc2e5db54491e8f27785fc5204c96f540d3557dcf5b0a9a857b6594d6b32561b",
                "sha256:fc30e834f65b893d1b4c230070183bf98e6b70c41c1511687e8436a33d5ce49d",
                "sha256:fcc9586e17875c0cdf8764597955f9daa979098fd4f80be07ed68276ac225480",
                "sha256:ff961c3280d6ee5f4163f4772f963d7a4dbe42e36c6dd54b79ad436c1f046e5d"
            ],
            "index": "pypi",
            "version": "==2.1.2"
        }
    },
    "develop": {}
}
